
Microsoft Visual Studio Solution File, Format Version 12.00
# Visual Studio Version 17
VisualStudioVersion = 17.6.33829.357
MinimumVisualStudioVersion = 10.0.40219.1
Project("{FAE04EC0-301F-11D3-BF4B-00C04F79EFBC}") = "SistemaColegio", "SistemaColegio\SistemaColegio.csproj", "{02B47DEC-62C6-477A-BDE8-72414A98728B}"
EndProject
Global
	GlobalSection(SolutionConfigurationPlatforms) = preSolution
		Debug|Any CPU = Debug|Any CPU
		Release|Any CPU = Release|Any CPU
	EndGlobalSection
	GlobalSection(ProjectConfigurationPlatforms) = postSolution
		{02B47DEC-62C6-477A-BDE8-72414A98728B}.Debug|Any CPU.ActiveCfg = Debug|Any CPU
		{02B47DEC-62C6-477A-BDE8-72414A98728B}.Debug|Any CPU.Build.0 = Debug|Any CPU
		{02B47DEC-62C6-477A-BDE8-72414A98728B}.Release|Any CPU.ActiveCfg = Release|Any CPU
		{02B47DEC-62C6-477A-BDE8-72414A98728B}.Release|Any CPU.Build.0 = Release|Any CPU
	EndGlobalSection
	GlobalSection(SolutionProperties) = preSolution
		HideSolutionNode = FALSE
	EndGlobalSection
	GlobalSection(ExtensibilityGlobals) = postSolution
		SolutionGuid = {C8461EAB-6E2D-4579-AE0E-C29F07739DBB}
	EndGlobalSection
EndGlobal
